// !$*UTF8*$!
{
	archiveVersion = 1;
	classes = {
	};
	objectVersion = 55;
	objects = {

/* Begin PBXBuildFile section */
		E32F6AAB27FDF35B003D2C6A /* MainView.swift in Sources */ = {isa = PBXBuildFile; fileRef = E32F6AAA27FDF35B003D2C6A /* MainView.swift */; };
		E32F6AB327FDF3AC003D2C6A /* MyUnitedView.swift in Sources */ = {isa = PBXBuildFile; fileRef = E32F6AB227FDF3AC003D2C6A /* MyUnitedView.swift */; };
		E32F6AB627FE0862003D2C6A /* NavigationBarModifier.swift in Sources */ = {isa = PBXBuildFile; fileRef = E32F6AB527FE0862003D2C6A /* NavigationBarModifier.swift */; };
		E3EE7DC427FDF0F900B6BB8C /* UnitedAirlinesViewApp.swift in Sources */ = {isa = PBXBuildFile; fileRef = E3EE7DC327FDF0F900B6BB8C /* UnitedAirlinesViewApp.swift */; };
		E3EE7DC827FDF0FA00B6BB8C /* Assets.xcassets in Resources */ = {isa = PBXBuildFile; fileRef = E3EE7DC727FDF0FA00B6BB8C /* Assets.xcassets */; };
		E3EE7DCB27FDF0FA00B6BB8C /* Preview Assets.xcassets in Resources */ = {isa = PBXBuildFile; fileRef = E3EE7DCA27FDF0FA00B6BB8C /* Preview Assets.xcassets */; };
/* End PBXBuildFile section */

/* Begin PBXFileReference section */
		E32F6AAA27FDF35B003D2C6A /* MainView.swift */ = {isa = PBXFileReference; lastKnownFileType = sourcecode.swift; path = MainView.swift; sourceTree = "<group>"; };
		E32F6AB227FDF3AC003D2C6A /* MyUnitedView.swift */ = {isa = PBXFileReference; lastKnownFileType = sourcecode.swift; path = MyUnitedView.swift; sourceTree = "<group>"; };
		E32F6AB527FE0862003D2C6A /* NavigationBarModifier.swift */ = {isa = PBXFileReference; lastKnownFileType = sourcecode.swift; path = NavigationBarModifier.swift; sourceTree = "<group>"; };
		E3EE7DC027FDF0F900B6BB8C /* UnitedAirlinesView.app */ = {isa = PBXFileReference; explicitFileType = wrapper.application; includeInIndex = 0; path = UnitedAirlinesView.app; sourceTree = BUILT_PRODUCTS_DIR; };
		E3EE7DC327FDF0F900B6BB8C /* UnitedAirlinesViewApp.swift */ = {isa = PBXFileReference; lastKnownFileType = sourcecode.swift; path = UnitedAirlinesViewApp.swift; sourceTree = "<group>"; };
		E3EE7DC727FDF0FA00B6BB8C /* Assets.xcassets */ = {isa = PBXFileReference; lastKnownFileType = folder.assetcatalog; path = Assets.xcassets; sourceTree = "<group>"; };
		E3EE7DCA27FDF0FA00B6BB8C /* Preview Assets.xcassets */ = {isa = PBXFileReference; lastKnownFileType = folder.assetcatalog; path = "Preview Assets.xcassets"; sourceTree = "<group>"; };
/* End PBXFileReference section */

/* Begin PBXFrameworksBuildPhase section */
		E3EE7DBD27FDF0F800B6BB8C /* Frameworks */ = {
			isa = PBXFrameworksBuildPhase;
			buildActionMask = 2147483647;
			files = (
			);
			runOnlyForDeploymentPostprocessing = 0;
		};
/* End PBXFrameworksBuildPhase section */

/* Begin PBXGroup section */
		E32F6AA827FDF316003D2C6A /* Screens */ = {
			isa = PBXGroup;
			children = (
				E32F6AAA27FDF35B003D2C6A /* MainView.swift */,
				E32F6AB227FDF3AC003D2C6A /* MyUnitedView.swift */,
			);
			path = Screens;
			sourceTree = "<group>";
		};
		E32F6AA927FDF31F003D2C6A /* Views */ = {
			isa = PBXGroup;
			children = (
			);
			path = Views;
			sourceTree = "<group>";
		};
		E32F6AB427FE083C003D2C6A /* Modifiers */ = {
			isa = PBXGroup;
			children = (
				E32F6AB527FE0862003D2C6A /* NavigationBarModifier.swift */,
			);
			path = Modifiers;
			sourceTree = "<group>";
		};
		E3EE7DB727FDF0F800B6BB8C = {
			isa = PBXGroup;
			children = (
				E3EE7DC227FDF0F900B6BB8C /* UnitedAirlinesView */,
				E3EE7DC127FDF0F900B6BB8C /* Products */,
			);
			sourceTree = "<group>";
		};
		E3EE7DC127FDF0F900B6BB8C /* Products */ = {
			isa = PBXGroup;
			children = (
				E3EE7DC027FDF0F900B6BB8C /* UnitedAirlinesView.app */,
			);
			name = Products;
			sourceTree = "<group>";
		};
		E3EE7DC227FDF0F900B6BB8C /* UnitedAirlinesView */ = {
			isa = PBXGroup;
			children = (
				E32F6AB427FE083C003D2C6A /* Modifiers */,
				E32F6AA927FDF31F003D2C6A /* Views */,
				E32F6AA827FDF316003D2C6A /* Screens */,
				E3EE7DC327FDF0F900B6BB8C /* UnitedAirlinesViewApp.swift */,
				E3EE7DC727FDF0FA00B6BB8C /* Assets.xcassets */,
				E3EE7DC927FDF0FA00B6BB8C /* Preview Content */,
			);
			path = UnitedAirlinesView;
			sourceTree = "<group>";
		};
		E3EE7DC927FDF0FA00B6BB8C /* Preview Content */ = {
			isa = PBXGroup;
			children = (
				E3EE7DCA27FDF0FA00B6BB8C /* Preview Assets.xcassets */,
			);
			path = "Preview Content";
			sourceTree = "<group>";
		};
/* End PBXGroup section */

/* Begin PBXNativeTarget section */
		E3EE7DBF27FDF0F800B6BB8C /* UnitedAirlinesView */ = {
			isa = PBXNativeTarget;
			buildConfigurationList = E3EE7DCE27FDF0FA00B6BB8C /* Build configuration list for PBXNativeTarget "UnitedAirlinesView" */;
			buildPhases = (
				E3EE7DBC27FDF0F800B6BB8C /* Sources */,
				E3EE7DBD27FDF0F800B6BB8C /* Frameworks */,
				E3EE7DBE27FDF0F800B6BB8C /* Resources */,
			);
			buildRules = (
			);
			dependencies = (
			);
			name = UnitedAirlinesView;
			productName = UnitedAirlinesView;
			productReference = E3EE7DC027FDF0F900B6BB8C /* UnitedAirlinesView.app */;
			productType = "com.apple.product-type.application";
		};
/* End PBXNativeTarget section */

/* Begin PBXProject section */
		E3EE7DB827FDF0F800B6BB8C /* Project object */ = {
			isa = PBXProject;
			attributes = {
				BuildIndependentTargetsInParallel = 1;
				LastSwiftUpdateCheck = 1330;
				LastUpgradeCheck = 1330;
				TargetAttributes = {
					E3EE7DBF27FDF0F800B6BB8C = {
						CreatedOnToolsVersion = 13.3;
					};
				};
			};
			buildConfigurationList = E3EE7DBB27FDF0F800B6BB8C /* Build configuration list for PBXProject "UnitedAirlinesView" */;
			compatibilityVersion = "Xcode 13.0";
			developmentRegion = en;
			hasScannedForEncodings = 0;
			knownRegions = (
				en,
				Base,
			);
			mainGroup = E3EE7DB727FDF0F800B6BB8C;
			productRefGroup = E3EE7DC127FDF0F900B6BB8C /* Products */;
			projectDirPath = "";
			projectRoot = "";
			targets = (
				E3EE7DBF27FDF0F800B6BB8C /* UnitedAirlinesView */,
			);
		};
/* End PBXProject section */

/* Begin PBXResourcesBuildPhase section */
		E3EE7DBE27FDF0F800B6BB8C /* Resources */ = {
			isa = PBXResourcesBuildPhase;
			buildActionMask = 2147483647;
			files = (
				E3EE7DCB27FDF0FA00B6BB8C /* Preview Assets.xcassets in Resources */,
				E3EE7DC827FDF0FA00B6BB8C /* Assets.xcassets in Resources */,
			);
			runOnlyForDeploymentPostprocessing = 0;
		};
/* End PBXResourcesBuildPhase section */

/* Begin PBXSourcesBuildPhase section */
		E3EE7DBC27FDF0F800B6BB8C /* Sources */ = {
			isa = PBXSourcesBuildPhase;
			buildActionMask = 2147483647;
			files = (
				E3EE7DC427FDF0F900B6BB8C /* UnitedAirlinesViewApp.swift in Sources */,
				E32F6AB327FDF3AC003D2C6A /* MyUnitedView.swift in Sources */,
				E32F6AB627FE0862003D2C6A /* NavigationBarModifier.swift in Sources */,
				E32F6AAB27FDF35B003D2C6A /* MainView.swift in Sources */,
			);
			runOnlyForDeploymentPostprocessing = 0;
		};
/* End PBXSourcesBuildPhase section */

/* Begin XCBuildConfiguration section */
		E3EE7DCC27FDF0FA00B6BB8C /* Debug */ = {
			isa = XCBuildConfiguration;
			buildSettings = {
				ALWAYS_SEARCH_USER_PATHS = NO;
				CLANG_ANALYZER_NONNULL = YES;
				CLANG_ANALYZER_NUMBER_OBJECT_CONVERSION = YES_AGGRESSIVE;
				CLANG_CXX_LANGUAGE_STANDARD = "gnu++17";
				CLANG_ENABLE_MODULES = YES;
				CLANG_ENABLE_OBJC_ARC = YES;
				CLANG_ENABLE_OBJC_WEAK = YES;
				CLANG_WARN_BLOCK_CAPTURE_AUTORELEASING = YES;
				CLANG_WARN_BOOL_CONVERSION = YES;
				CLANG_WARN_COMMA = YES;
				CLANG_WARN_CONSTANT_CONVERSION = YES;
				CLANG_WARN_DEPRECATED_OBJC_IMPLEMENTATIONS = YES;
				CLANG_WARN_DIRECT_OBJC_ISA_USAGE = YES_ERROR;
				CLANG_WARN_DOCUMENTATION_COMMENTS = YES;
				CLANG_WARN_EMPTY_BODY = YES;
				CLANG_WARN_ENUM_CONVERSION = YES;
				CLANG_WARN_INFINITE_RECURSION = YES;
				CLANG_WARN_INT_CONVERSION = YES;
				CLANG_WARN_NON_LITERAL_NULL_CONVERSION = YES;
				CLANG_WARN_OBJC_IMPLICIT_RETAIN_SELF = YES;
				CLANG_WARN_OBJC_LITERAL_CONVERSION = YES;
				CLANG_WARN_OBJC_ROOT_CLASS = YES_ERROR;
				CLANG_WARN_QUOTED_INCLUDE_IN_FRAMEWORK_HEADER = YES;
				CLANG_WARN_RANGE_LOOP_ANALYSIS = YES;
				CLANG_WARN_STRICT_PROTOTYPES = YES;
				CLANG_WARN_SUSPICIOUS_MOVE = YES;
				CLANG_WARN_UNGUARDED_AVAILABILITY = YES_AGGRESSIVE;
				CLANG_WARN_UNREACHABLE_CODE = YES;
				CLANG_WARN__DUPLICATE_METHOD_MATCH = YES;
				COPY_PHASE_STRIP = NO;
				DEBUG_INFORMATION_FORMAT = dwarf;
				ENABLE_STRICT_OBJC_MSGSEND = YES;
				ENABLE_TESTABILITY = YES;
				GCC_C_LANGUAGE_STANDARD = gnu11;
				GCC_DYNAMIC_NO_PIC = NO;
				GCC_NO_COMMON_BLOCKS = YES;
				GCC_OPTIMIZATION_LEVEL = 0;
				GCC_PREPROCESSOR_DEFINITIONS = (
					"DEBUG=1",
					"$(inherited)",
				);
				GCC_WARN_64_TO_32_BIT_CONVERSION = YES;
				GCC_WARN_ABOUT_RETURN_TYPE = YES_ERROR;
				GCC_WARN_UNDECLARED_SELECTOR = YES;
				GCC_WARN_UNINITIALIZED_AUTOS = YES_AGGRESSIVE;
				GCC_WARN_UNUSED_FUNCTION = YES;
				GCC_WARN_UNUSED_VARIABLE = YES;
				IPHONEOS_DEPLOYMENT_TARGET = 15.4;
				MTL_ENABLE_DEBUG_INFO = INCLUDE_SOURCE;
				MTL_FAST_MATH = YES;
				ONLY_ACTIVE_ARCH = YES;
				SDKROOT = iphoneos;
				SWIFT_ACTIVE_COMPILATION_CONDITIONS = DEBUG;
				SWIFT_OPTIMIZATION_LEVEL = "-Onone";
			};
			name = Debug;
		};
		E3EE7DCD27FDF0FA00B6BB8C /* Release */ = {
			isa = XCBuildConfiguration;
			buildSettings = {
				ALWAYS_SEARCH_USER_PATHS = NO;
				CLANG_ANALYZER_NONNULL = YES;
				CLANG_ANALYZER_NUMBER_OBJECT_CONVERSION = YES_AGGRESSIVE;
				CLANG_CXX_LANGUAGE_STANDARD = "gnu++17";
				CLANG_ENABLE_MODULES = YES;
				CLANG_ENABLE_OBJC_ARC = YES;
				CLANG_ENABLE_OBJC_WEAK = YES;
				CLANG_WARN_BLOCK_CAPTURE_AUTORELEASING = YES;
				CLANG_WARN_BOOL_CONVERSION = YES;
				CLANG_WARN_COMMA = YES;
				CLANG_WARN_CONSTANT_CONVERSION = YES;
				CLANG_WARN_DEPRECATED_OBJC_IMPLEMENTATIONS = YES;
				CLANG_WARN_DIRECT_OBJC_ISA_USAGE = YES_ERROR;
				CLANG_WARN_DOCUMENTATION_COMMENTS = YES;
				CLANG_WARN_EMPTY_BODY = YES;
				CLANG_WARN_ENUM_CONVERSION = YES;
				CLANG_WARN_INFINITE_RECURSION = YES;
				CLANG_WARN_INT_CONVERSION = YES;
				CLANG_WARN_NON_LITERAL_NULL_CONVERSION = YES;
				CLANG_WARN_OBJC_IMPLICIT_RETAIN_SELF = YES;
				CLANG_WARN_OBJC_LITERAL_CONVERSION = YES;
				CLANG_WARN_OBJC_ROOT_CLASS = YES_ERROR;
				CLANG_WARN_QUOTED_INCLUDE_IN_FRAMEWORK_HEADER = YES;
				CLANG_WARN_RANGE_LOOP_ANALYSIS = YES;
				CLANG_WARN_STRICT_PROTOTYPES = YES;
				CLANG_WARN_SUSPICIOUS_MOVE = YES;
				CLANG_WARN_UNGUARDED_AVAILABILITY = YES_AGGRESSIVE;
				CLANG_WARN_UNREACHABLE_CODE = YES;
				CLANG_WARN__DUPLICATE_METHOD_MATCH = YES;
				COPY_PHASE_STRIP = NO;
				DEBUG_INFORMATION_FORMAT = "dwarf-with-dsym";
				ENABLE_NS_ASSERTIONS = NO;
				ENABLE_STRICT_OBJC_MSGSEND = YES;
				GCC_C_LANGUAGE_STANDARD = gnu11;
				GCC_NO_COMMON_BLOCKS = YES;
				GCC_WARN_64_TO_32_BIT_CONVERSION = YES;
				GCC_WARN_ABOUT_RETURN_TYPE = YES_ERROR;
				GCC_WARN_UNDECLARED_SELECTOR = YES;
				GCC_WARN_UNINITIALIZED_AUTOS = YES_AGGRESSIVE;
				GCC_WARN_UNUSED_FUNCTION = YES;
				GCC_WARN_UNUSED_VARIABLE = YES;
				IPHONEOS_DEPLOYMENT_TARGET = 15.4;
				MTL_ENABLE_DEBUG_INFO = NO;
				MTL_FAST_MATH = YES;
				SDKROOT = iphoneos;
				SWIFT_COMPILATION_MODE = wholemodule;
				SWIFT_OPTIMIZATION_LEVEL = "-O";
				VALIDATE_PRODUCT = YES;
			};
			name = Release;
		};
		E3EE7DCF27FDF0FA00B6BB8C /* Debug */ = {
			isa = XCBuildConfiguration;
			buildSettings = {
				ASSETCATALOG_COMPILER_APPICON_NAME = AppIcon;
				ASSETCATALOG_COMPILER_GLOBAL_ACCENT_COLOR_NAME = AccentColor;
				CODE_SIGN_STYLE = Automatic;
				CURRENT_PROJECT_VERSION = 1;
				DEVELOPMENT_ASSET_PATHS = "\"UnitedAirlinesView/Preview Content\"";
				DEVELOPMENT_TEAM = VAC49TM43D;
				ENABLE_PREVIEWS = YES;
				GENERATE_INFOPLIST_FILE = YES;
				INFOPLIST_KEY_UIApplicationSceneManifest_Generation = YES;
				INFOPLIST_KEY_UIApplicationSupportsIndirectInputEvents = YES;
				INFOPLIST_KEY_UILaunchScreen_Generation = YES;
				INFOPLIST_KEY_UISupportedInterfaceOrientations_iPad = "UIInterfaceOrientationPortrait UIInterfaceOrientationPortraitUpsideDown UIInterfaceOrientationLandscapeLeft UIInterfaceOrientationLandscapeRight";
				INFOPLIST_KEY_UISupportedInterfaceOrientations_iPhone = "UIInterfaceOrientationPortrait UIInterfaceOrientationLandscapeLeft UIInterfaceOrientationLandscapeRight";
				LD_RUNPATH_SEARCH_PATHS = (
					"$(inherited)",
					"@executable_path/Frameworks",
				);
				MARKETING_VERSION = 1.0;
				PRODUCT_BUNDLE_IDENTIFIER = com.JoeVargas.UnitedAirlinesView;
				PRODUCT_NAME = "$(TARGET_NAME)";
				SWIFT_EMIT_LOC_STRINGS = YES;
				SWIFT_VERSION = 5.0;
				TARGETED_DEVICE_FAMILY = "1,2";
			};
			name = Debug;
		};
		E3EE7DD027FDF0FA00B6BB8C /* Release */ = {
			isa = XCBuildConfiguration;
			buildSettings = {
				ASSETCATALOG_COMPILER_APPICON_NAME = AppIcon;
				ASSETCATALOG_COMPILER_GLOBAL_ACCENT_COLOR_NAME = AccentColor;
				CODE_SIGN_STYLE = Automatic;
				CURRENT_PROJECT_VERSION = 1;
				DEVELOPMENT_ASSET_PATHS = "\"UnitedAirlinesView/Preview Content\"";
				DEVELOPMENT_TEAM = VAC49TM43D;
				ENABLE_PREVIEWS = YES;
				GENERATE_INFOPLIST_FILE = YES;
				INFOPLIST_KEY_UIApplicationSceneManifest_Generation = YES;
				INFOPLIST_KEY_UIApplicationSupportsIndirectInputEvents = YES;
				INFOPLIST_KEY_UILaunchScreen_Generation = YES;
				INFOPLIST_KEY_UISupportedInterfaceOrientations_iPad = "UIInterfaceOrientationPortrait UIInterfaceOrientationPortraitUpsideDown UIInterfaceOrientationLandscapeLeft UIInterfaceOrientationLandscapeRight";
				INFOPLIST_KEY_UISupportedInterfaceOrientations_iPhone = "UIInterfaceOrientationPortrait UIInterfaceOrientationLandscapeLeft UIInterfaceOrientationLandscapeRight";
				LD_RUNPATH_SEARCH_PATHS = (
					"$(inherited)",
					"@executable_path/Frameworks",
				);
				MARKETING_VERSION = 1.0;
				PRODUCT_BUNDLE_IDENTIFIER = com.JoeVargas.UnitedAirlinesView;
				PRODUCT_NAME = "$(TARGET_NAME)";
				SWIFT_EMIT_LOC_STRINGS = YES;
				SWIFT_VERSION = 5.0;
				TARGETED_DEVICE_FAMILY = "1,2";
			};
			name = Release;
		};
/* End XCBuildConfiguration section */

/* Begin XCConfigurationList section */
		E3EE7DBB27FDF0F800B6BB8C /* Build configuration list for PBXProject "UnitedAirlinesView" */ = {
			isa = XCConfigurationList;
			buildConfigurations = (
				E3EE7DCC27FDF0FA00B6BB8C /* Debug */,
				E3EE7DCD27FDF0FA00B6BB8C /* Release */,
			);
			defaultConfigurationIsVisible = 0;
			defaultConfigurationName = Release;
		};
		E3EE7DCE27FDF0FA00B6BB8C /* Build configuration list for PBXNativeTarget "UnitedAirlinesView" */ = {
			isa = XCConfigurationList;
			buildConfigurations = (
				E3EE7DCF27FDF0FA00B6BB8C /* Debug */,
				E3EE7DD027FDF0FA00B6BB8C /* Release */,
			);
			defaultConfigurationIsVisible = 0;
			defaultConfigurationName = Release;
		};
/* End XCConfigurationList section */
	};
	rootObject = E3EE7DB827FDF0F800B6BB8C /* Project object */;
}
